// !$*UTF8*$!
{
	archiveVersion = 1;
	classes = {
	};
	objectVersion = 50;
	objects = {

/* Begin PBXBuildFile section */
		9A80D1D026518C80007BFAFD /* AppDelegate.swift in Sources */ = {isa = PBXBuildFile; fileRef = 9A80D1CF26518C80007BFAFD /* AppDelegate.swift */; };
		9A80D1D226518C80007BFAFD /* SceneDelegate.swift in Sources */ = {isa = PBXBuildFile; fileRef = 9A80D1D126518C80007BFAFD /* SceneDelegate.swift */; };
		9A80D1D426518C80007BFAFD /* ViewController.swift in Sources */ = {isa = PBXBuildFile; fileRef = 9A80D1D326518C80007BFAFD /* ViewController.swift */; };
		9A80D1D726518C80007BFAFD /* Main.storyboard in Resources */ = {isa = PBXBuildFile; fileRef = 9A80D1D526518C80007BFAFD /* Main.storyboard */; };
		9A80D1DA26518C80007BFAFD /* GitHubPairTest.xcdatamodeld in Sources */ = {isa = PBXBuildFile; fileRef = 9A80D1D826518C80007BFAFD /* GitHubPairTest.xcdatamodeld */; };
		9A80D1DC26518C84007BFAFD /* Assets.xcassets in Resources */ = {isa = PBXBuildFile; fileRef = 9A80D1DB26518C84007BFAFD /* Assets.xcassets */; };
		9A80D1DF26518C84007BFAFD /* LaunchScreen.storyboard in Resources */ = {isa = PBXBuildFile; fileRef = 9A80D1DD26518C84007BFAFD /* LaunchScreen.storyboard */; };
		9A80D1EA26518C85007BFAFD /* GitHubPairTestTests.swift in Sources */ = {isa = PBXBuildFile; fileRef = 9A80D1E926518C85007BFAFD /* GitHubPairTestTests.swift */; };
		9A80D1F526518C85007BFAFD /* GitHubPairTestUITests.swift in Sources */ = {isa = PBXBuildFile; fileRef = 9A80D1F426518C85007BFAFD /* GitHubPairTestUITests.swift */; };
/* End PBXBuildFile section */

/* Begin PBXContainerItemProxy section */
		9A80D1E626518C85007BFAFD /* PBXContainerItemProxy */ = {
			isa = PBXContainerItemProxy;
			containerPortal = 9A80D1C426518C80007BFAFD /* Project object */;
			proxyType = 1;
			remoteGlobalIDString = 9A80D1CB26518C80007BFAFD;
			remoteInfo = GitHubPairTest;
		};
		9A80D1F126518C85007BFAFD /* PBXContainerItemProxy */ = {
			isa = PBXContainerItemProxy;
			containerPortal = 9A80D1C426518C80007BFAFD /* Project object */;
			proxyType = 1;
			remoteGlobalIDString = 9A80D1CB26518C80007BFAFD;
			remoteInfo = GitHubPairTest;
		};
/* End PBXContainerItemProxy section */

/* Begin PBXFileReference section */
		9A80D1CC26518C80007BFAFD /* GitHubPairTest.app */ = {isa = PBXFileReference; explicitFileType = wrapper.application; includeInIndex = 0; path = GitHubPairTest.app; sourceTree = BUILT_PRODUCTS_DIR; };
		9A80D1CF26518C80007BFAFD /* AppDelegate.swift */ = {isa = PBXFileReference; lastKnownFileType = sourcecode.swift; path = AppDelegate.swift; sourceTree = "<group>"; };
		9A80D1D126518C80007BFAFD /* SceneDelegate.swift */ = {isa = PBXFileReference; lastKnownFileType = sourcecode.swift; path = SceneDelegate.swift; sourceTree = "<group>"; };
		9A80D1D326518C80007BFAFD /* ViewController.swift */ = {isa = PBXFileReference; lastKnownFileType = sourcecode.swift; path = ViewController.swift; sourceTree = "<group>"; };
		9A80D1D626518C80007BFAFD /* Base */ = {isa = PBXFileReference; lastKnownFileType = file.storyboard; name = Base; path = Base.lproj/Main.storyboard; sourceTree = "<group>"; };
		9A80D1D926518C80007BFAFD /* GitHubPairTest.xcdatamodel */ = {isa = PBXFileReference; lastKnownFileType = wrapper.xcdatamodel; path = GitHubPairTest.xcdatamodel; sourceTree = "<group>"; };
		9A80D1DB26518C84007BFAFD /* Assets.xcassets */ = {isa = PBXFileReference; lastKnownFileType = folder.assetcatalog; path = Assets.xcassets; sourceTree = "<group>"; };
		9A80D1DE26518C84007BFAFD /* Base */ = {isa = PBXFileReference; lastKnownFileType = file.storyboard; name = Base; path = Base.lproj/LaunchScreen.storyboard; sourceTree = "<group>"; };
		9A80D1E026518C84007BFAFD /* Info.plist */ = {isa = PBXFileReference; lastKnownFileType = text.plist.xml; path = Info.plist; sourceTree = "<group>"; };
		9A80D1E526518C85007BFAFD /* GitHubPairTestTests.xctest */ = {isa = PBXFileReference; explicitFileType = wrapper.cfbundle; includeInIndex = 0; path = GitHubPairTestTests.xctest; sourceTree = BUILT_PRODUCTS_DIR; };
		9A80D1E926518C85007BFAFD /* GitHubPairTestTests.swift */ = {isa = PBXFileReference; lastKnownFileType = sourcecode.swift; path = GitHubPairTestTests.swift; sourceTree = "<group>"; };
		9A80D1EB26518C85007BFAFD /* Info.plist */ = {isa = PBXFileReference; lastKnownFileType = text.plist.xml; path = Info.plist; sourceTree = "<group>"; };
		9A80D1F026518C85007BFAFD /* GitHubPairTestUITests.xctest */ = {isa = PBXFileReference; explicitFileType = wrapper.cfbundle; includeInIndex = 0; path = GitHubPairTestUITests.xctest; sourceTree = BUILT_PRODUCTS_DIR; };
		9A80D1F426518C85007BFAFD /* GitHubPairTestUITests.swift */ = {isa = PBXFileReference; lastKnownFileType = sourcecode.swift; path = GitHubPairTestUITests.swift; sourceTree = "<group>"; };
		9A80D1F626518C85007BFAFD /* Info.plist */ = {isa = PBXFileReference; lastKnownFileType = text.plist.xml; path = Info.plist; sourceTree = "<group>"; };
/* End PBXFileReference section */

/* Begin PBXFrameworksBuildPhase section */
		9A80D1C926518C80007BFAFD /* Frameworks */ = {
			isa = PBXFrameworksBuildPhase;
			buildActionMask = 2147483647;
			files = (
			);
			runOnlyForDeploymentPostprocessing = 0;
		};
		9A80D1E226518C85007BFAFD /* Frameworks */ = {
			isa = PBXFrameworksBuildPhase;
			buildActionMask = 2147483647;
			files = (
			);
			runOnlyForDeploymentPostprocessing = 0;
		};
		9A80D1ED26518C85007BFAFD /* Frameworks */ = {
			isa = PBXFrameworksBuildPhase;
			buildActionMask = 2147483647;
			files = (
			);
			runOnlyForDeploymentPostprocessing = 0;
		};
/* End PBXFrameworksBuildPhase section */

/* Begin PBXGroup section */
		9A80D1C326518C80007BFAFD = {
			isa = PBXGroup;
			children = (
				9A80D1CE26518C80007BFAFD /* GitHubPairTest */,
				9A80D1E826518C85007BFAFD /* GitHubPairTestTests */,
				9A80D1F326518C85007BFAFD /* GitHubPairTestUITests */,
				9A80D1CD26518C80007BFAFD /* Products */,
			);
			sourceTree = "<group>";
		};
		9A80D1CD26518C80007BFAFD /* Products */ = {
			isa = PBXGroup;
			children = (
				9A80D1CC26518C80007BFAFD /* GitHubPairTest.app */,
				9A80D1E526518C85007BFAFD /* GitHubPairTestTests.xctest */,
				9A80D1F026518C85007BFAFD /* GitHubPairTestUITests.xctest */,
			);
			name = Products;
			sourceTree = "<group>";
		};
		9A80D1CE26518C80007BFAFD /* GitHubPairTest */ = {
			isa = PBXGroup;
			children = (
				9A80D1CF26518C80007BFAFD /* AppDelegate.swift */,
				9A80D1D126518C80007BFAFD /* SceneDelegate.swift */,
				9A80D1D326518C80007BFAFD /* ViewController.swift */,
				9A80D1D526518C80007BFAFD /* Main.storyboard */,
				9A80D1DB26518C84007BFAFD /* Assets.xcassets */,
				9A80D1DD26518C84007BFAFD /* LaunchScreen.storyboard */,
				9A80D1E026518C84007BFAFD /* Info.plist */,
				9A80D1D826518C80007BFAFD /* GitHubPairTest.xcdatamodeld */,
			);
			path = GitHubPairTest;
			sourceTree = "<group>";
		};
		9A80D1E826518C85007BFAFD /* GitHubPairTestTests */ = {
			isa = PBXGroup;
			children = (
				9A80D1E926518C85007BFAFD /* GitHubPairTestTests.swift */,
				9A80D1EB26518C85007BFAFD /* Info.plist */,
			);
			path = GitHubPairTestTests;
			sourceTree = "<group>";
		};
		9A80D1F326518C85007BFAFD /* GitHubPairTestUITests */ = {
			isa = PBXGroup;
			children = (
				9A80D1F426518C85007BFAFD /* GitHubPairTestUITests.swift */,
				9A80D1F626518C85007BFAFD /* Info.plist */,
			);
			path = GitHubPairTestUITests;
			sourceTree = "<group>";
		};
/* End PBXGroup section */

/* Begin PBXNativeTarget section */
		9A80D1CB26518C80007BFAFD /* GitHubPairTest */ = {
			isa = PBXNativeTarget;
			buildConfigurationList = 9A80D1F926518C85007BFAFD /* Build configuration list for PBXNativeTarget "GitHubPairTest" */;
			buildPhases = (
				9A80D1C826518C80007BFAFD /* Sources */,
				9A80D1C926518C80007BFAFD /* Frameworks */,
				9A80D1CA26518C80007BFAFD /* Resources */,
			);
			buildRules = (
			);
			dependencies = (
			);
			name = GitHubPairTest;
			productName = GitHubPairTest;
			productReference = 9A80D1CC26518C80007BFAFD /* GitHubPairTest.app */;
			productType = "com.apple.product-type.application";
		};
		9A80D1E426518C85007BFAFD /* GitHubPairTestTests */ = {
			isa = PBXNativeTarget;
			buildConfigurationList = 9A80D1FC26518C85007BFAFD /* Build configuration list for PBXNativeTarget "GitHubPairTestTests" */;
			buildPhases = (
				9A80D1E126518C85007BFAFD /* Sources */,
				9A80D1E226518C85007BFAFD /* Frameworks */,
				9A80D1E326518C85007BFAFD /* Resources */,
			);
			buildRules = (
			);
			dependencies = (
				9A80D1E726518C85007BFAFD /* PBXTargetDependency */,
			);
			name = GitHubPairTestTests;
			productName = GitHubPairTestTests;
			productReference = 9A80D1E526518C85007BFAFD /* GitHubPairTestTests.xctest */;
			productType = "com.apple.product-type.bundle.unit-test";
		};
		9A80D1EF26518C85007BFAFD /* GitHubPairTestUITests */ = {
			isa = PBXNativeTarget;
			buildConfigurationList = 9A80D1FF26518C85007BFAFD /* Build configuration list for PBXNativeTarget "GitHubPairTestUITests" */;
			buildPhases = (
				9A80D1EC26518C85007BFAFD /* Sources */,
				9A80D1ED26518C85007BFAFD /* Frameworks */,
				9A80D1EE26518C85007BFAFD /* Resources */,
			);
			buildRules = (
			);
			dependencies = (
				9A80D1F226518C85007BFAFD /* PBXTargetDependency */,
			);
			name = GitHubPairTestUITests;
			productName = GitHubPairTestUITests;
			productReference = 9A80D1F026518C85007BFAFD /* GitHubPairTestUITests.xctest */;
			productType = "com.apple.product-type.bundle.ui-testing";
		};
/* End PBXNativeTarget section */

/* Begin PBXProject section */
		9A80D1C426518C80007BFAFD /* Project object */ = {
			isa = PBXProject;
			attributes = {
				LastSwiftUpdateCheck = 1250;
				LastUpgradeCheck = 1250;
				TargetAttributes = {
					9A80D1CB26518C80007BFAFD = {
						CreatedOnToolsVersion = 12.5;
					};
					9A80D1E426518C85007BFAFD = {
						CreatedOnToolsVersion = 12.5;
						TestTargetID = 9A80D1CB26518C80007BFAFD;
					};
					9A80D1EF26518C85007BFAFD = {
						CreatedOnToolsVersion = 12.5;
						TestTargetID = 9A80D1CB26518C80007BFAFD;
					};
				};
			};
			buildConfigurationList = 9A80D1C726518C80007BFAFD /* Build configuration list for PBXProject "GitHubPairTest" */;
			compatibilityVersion = "Xcode 9.3";
			developmentRegion = en;
			hasScannedForEncodings = 0;
			knownRegions = (
				en,
				Base,
			);
			mainGroup = 9A80D1C326518C80007BFAFD;
			productRefGroup = 9A80D1CD26518C80007BFAFD /* Products */;
			projectDirPath = "";
			projectRoot = "";
			targets = (
				9A80D1CB26518C80007BFAFD /* GitHubPairTest */,
				9A80D1E426518C85007BFAFD /* GitHubPairTestTests */,
				9A80D1EF26518C85007BFAFD /* GitHubPairTestUITests */,
			);
		};
/* End PBXProject section */

/* Begin PBXResourcesBuildPhase section */
		9A80D1CA26518C80007BFAFD /* Resources */ = {
			isa = PBXResourcesBuildPhase;
			buildActionMask = 2147483647;
			files = (
				9A80D1DF26518C84007BFAFD /* LaunchScreen.storyboard in Resources */,
				9A80D1DC26518C84007BFAFD /* Assets.xcassets in Resources */,
				9A80D1D726518C80007BFAFD /* Main.storyboard in Resources */,
			);
			runOnlyForDeploymentPostprocessing = 0;
		};
		9A80D1E326518C85007BFAFD /* Resources */ = {
			isa = PBXResourcesBuildPhase;
			buildActionMask = 2147483647;
			files = (
			);
			runOnlyForDeploymentPostprocessing = 0;
		};
		9A80D1EE26518C85007BFAFD /* Resources */ = {
			isa = PBXResourcesBuildPhase;
			buildActionMask = 2147483647;
			files = (
			);
			runOnlyForDeploymentPostprocessing = 0;
		};
/* End PBXResourcesBuildPhase section */

/* Begin PBXSourcesBuildPhase section */
		9A80D1C826518C80007BFAFD /* Sources */ = {
			isa = PBXSourcesBuildPhase;
			buildActionMask = 2147483647;
			files = (
				9A80D1D426518C80007BFAFD /* ViewController.swift in Sources */,
				9A80D1D026518C80007BFAFD /* AppDelegate.swift in Sources */,
				9A80D1DA26518C80007BFAFD /* GitHubPairTest.xcdatamodeld in Sources */,
				9A80D1D226518C80007BFAFD /* SceneDelegate.swift in Sources */,
			);
			runOnlyForDeploymentPostprocessing = 0;
		};
		9A80D1E126518C85007BFAFD /* Sources */ = {
			isa = PBXSourcesBuildPhase;
			buildActionMask = 2147483647;
			files = (
				9A80D1EA26518C85007BFAFD /* GitHubPairTestTests.swift in Sources */,
			);
			runOnlyForDeploymentPostprocessing = 0;
		};
		9A80D1EC26518C85007BFAFD /* Sources */ = {
			isa = PBXSourcesBuildPhase;
			buildActionMask = 2147483647;
			files = (
				9A80D1F526518C85007BFAFD /* GitHubPairTestUITests.swift in Sources */,
			);
			runOnlyForDeploymentPostprocessing = 0;
		};
/* End PBXSourcesBuildPhase section */

/* Begin PBXTargetDependency section */
		9A80D1E726518C85007BFAFD /* PBXTargetDependency */ = {
			isa = PBXTargetDependency;
			target = 9A80D1CB26518C80007BFAFD /* GitHubPairTest */;
			targetProxy = 9A80D1E626518C85007BFAFD /* PBXContainerItemProxy */;
		};
		9A80D1F226518C85007BFAFD /* PBXTargetDependency */ = {
			isa = PBXTargetDependency;
			target = 9A80D1CB26518C80007BFAFD /* GitHubPairTest */;
			targetProxy = 9A80D1F126518C85007BFAFD /* PBXContainerItemProxy */;
		};
/* End PBXTargetDependency section */

/* Begin PBXVariantGroup section */
		9A80D1D526518C80007BFAFD /* Main.storyboard */ = {
			isa = PBXVariantGroup;
			children = (
				9A80D1D626518C80007BFAFD /* Base */,
			);
			name = Main.storyboard;
			sourceTree = "<group>";
		};
		9A80D1DD26518C84007BFAFD /* LaunchScreen.storyboard */ = {
			isa = PBXVariantGroup;
			children = (
				9A80D1DE26518C84007BFAFD /* Base */,
			);
			name = LaunchScreen.storyboard;
			sourceTree = "<group>";
		};
/* End PBXVariantGroup section */

/* Begin XCBuildConfiguration section */
		9A80D1F726518C85007BFAFD /* Debug */ = {
			isa = XCBuildConfiguration;
			buildSettings = {
				ALWAYS_SEARCH_USER_PATHS = NO;
				CLANG_ANALYZER_NONNULL = YES;
				CLANG_ANALYZER_NUMBER_OBJECT_CONVERSION = YES_AGGRESSIVE;
				CLANG_CXX_LANGUAGE_STANDARD = "gnu++14";
				CLANG_CXX_LIBRARY = "libc++";
				CLANG_ENABLE_MODULES = YES;
				CLANG_ENABLE_OBJC_ARC = YES;
				CLANG_ENABLE_OBJC_WEAK = YES;
				CLANG_WARN_BLOCK_CAPTURE_AUTORELEASING = YES;
				CLANG_WARN_BOOL_CONVERSION = YES;
				CLANG_WARN_COMMA = YES;
				CLANG_WARN_CONSTANT_CONVERSION = YES;
				CLANG_WARN_DEPRECATED_OBJC_IMPLEMENTATIONS = YES;
				CLANG_WARN_DIRECT_OBJC_ISA_USAGE = YES_ERROR;
				CLANG_WARN_DOCUMENTATION_COMMENTS = YES;
				CLANG_WARN_EMPTY_BODY = YES;
				CLANG_WARN_ENUM_CONVERSION = YES;
				CLANG_WARN_INFINITE_RECURSION = YES;
				CLANG_WARN_INT_CONVERSION = YES;
				CLANG_WARN_NON_LITERAL_NULL_CONVERSION = YES;
				CLANG_WARN_OBJC_IMPLICIT_RETAIN_SELF = YES;
				CLANG_WARN_OBJC_LITERAL_CONVERSION = YES;
				CLANG_WARN_OBJC_ROOT_CLASS = YES_ERROR;
				CLANG_WARN_QUOTED_INCLUDE_IN_FRAMEWORK_HEADER = YES;
				CLANG_WARN_RANGE_LOOP_ANALYSIS = YES;
				CLANG_WARN_STRICT_PROTOTYPES = YES;
				CLANG_WARN_SUSPICIOUS_MOVE = YES;
				CLANG_WARN_UNGUARDED_AVAILABILITY = YES_AGGRESSIVE;
				CLANG_WARN_UNREACHABLE_CODE = YES;
				CLANG_WARN__DUPLICATE_METHOD_MATCH = YES;
				COPY_PHASE_STRIP = NO;
				DEBUG_INFORMATION_FORMAT = dwarf;
				ENABLE_STRICT_OBJC_MSGSEND = YES;
				ENABLE_TESTABILITY = YES;
				GCC_C_LANGUAGE_STANDARD = gnu11;
				GCC_DYNAMIC_NO_PIC = NO;
				GCC_NO_COMMON_BLOCKS = YES;
				GCC_OPTIMIZATION_LEVEL = 0;
				GCC_PREPROCESSOR_DEFINITIONS = (
					"DEBUG=1",
					"$(inherited)",
				);
				GCC_WARN_64_TO_32_BIT_CONVERSION = YES;
				GCC_WARN_ABOUT_RETURN_TYPE = YES_ERROR;
				GCC_WARN_UNDECLARED_SELECTOR = YES;
				GCC_WARN_UNINITIALIZED_AUTOS = YES_AGGRESSIVE;
				GCC_WARN_UNUSED_FUNCTION = YES;
				GCC_WARN_UNUSED_VARIABLE = YES;
				IPHONEOS_DEPLOYMENT_TARGET = 14.5;
				MTL_ENABLE_DEBUG_INFO = INCLUDE_SOURCE;
				MTL_FAST_MATH = YES;
				ONLY_ACTIVE_ARCH = YES;
				SDKROOT = iphoneos;
				SWIFT_ACTIVE_COMPILATION_CONDITIONS = DEBUG;
				SWIFT_OPTIMIZATION_LEVEL = "-Onone";
			};
			name = Debug;
		};
		9A80D1F826518C85007BFAFD /* Release */ = {
			isa = XCBuildConfiguration;
			buildSettings = {
				ALWAYS_SEARCH_USER_PATHS = NO;
				CLANG_ANALYZER_NONNULL = YES;
				CLANG_ANALYZER_NUMBER_OBJECT_CONVERSION = YES_AGGRESSIVE;
				CLANG_CXX_LANGUAGE_STANDARD = "gnu++14";
				CLANG_CXX_LIBRARY = "libc++";
				CLANG_ENABLE_MODULES = YES;
				CLANG_ENABLE_OBJC_ARC = YES;
				CLANG_ENABLE_OBJC_WEAK = YES;
				CLANG_WARN_BLOCK_CAPTURE_AUTORELEASING = YES;
				CLANG_WARN_BOOL_CONVERSION = YES;
				CLANG_WARN_COMMA = YES;
				CLANG_WARN_CONSTANT_CONVERSION = YES;
				CLANG_WARN_DEPRECATED_OBJC_IMPLEMENTATIONS = YES;
				CLANG_WARN_DIRECT_OBJC_ISA_USAGE = YES_ERROR;
				CLANG_WARN_DOCUMENTATION_COMMENTS = YES;
				CLANG_WARN_EMPTY_BODY = YES;
				CLANG_WARN_ENUM_CONVERSION = YES;
				CLANG_WARN_INFINITE_RECURSION = YES;
				CLANG_WARN_INT_CONVERSION = YES;
				CLANG_WARN_NON_LITERAL_NULL_CONVERSION = YES;
				CLANG_WARN_OBJC_IMPLICIT_RETAIN_SELF = YES;
				CLANG_WARN_OBJC_LITERAL_CONVERSION = YES;
				CLANG_WARN_OBJC_ROOT_CLASS = YES_ERROR;
				CLANG_WARN_QUOTED_INCLUDE_IN_FRAMEWORK_HEADER = YES;
				CLANG_WARN_RANGE_LOOP_ANALYSIS = YES;
				CLANG_WARN_STRICT_PROTOTYPES = YES;
				CLANG_WARN_SUSPICIOUS_MOVE = YES;
				CLANG_WARN_UNGUARDED_AVAILABILITY = YES_AGGRESSIVE;
				CLANG_WARN_UNREACHABLE_CODE = YES;
				CLANG_WARN__DUPLICATE_METHOD_MATCH = YES;
				COPY_PHASE_STRIP = NO;
				DEBUG_INFORMATION_FORMAT = "dwarf-with-dsym";
				ENABLE_NS_ASSERTIONS = NO;
				ENABLE_STRICT_OBJC_MSGSEND = YES;
				GCC_C_LANGUAGE_STANDARD = gnu11;
				GCC_NO_COMMON_BLOCKS = YES;
				GCC_WARN_64_TO_32_BIT_CONVERSION = YES;
				GCC_WARN_ABOUT_RETURN_TYPE = YES_ERROR;
				GCC_WARN_UNDECLARED_SELECTOR = YES;
				GCC_WARN_UNINITIALIZED_AUTOS = YES_AGGRESSIVE;
				GCC_WARN_UNUSED_FUNCTION = YES;
				GCC_WARN_UNUSED_VARIABLE = YES;
				IPHONEOS_DEPLOYMENT_TARGET = 14.5;
				MTL_ENABLE_DEBUG_INFO = NO;
				MTL_FAST_MATH = YES;
				SDKROOT = iphoneos;
				SWIFT_COMPILATION_MODE = wholemodule;
				SWIFT_OPTIMIZATION_LEVEL = "-O";
				VALIDATE_PRODUCT = YES;
			};
			name = Release;
		};
		9A80D1FA26518C85007BFAFD /* Debug */ = {
			isa = XCBuildConfiguration;
			buildSettings = {
				ASSETCATALOG_COMPILER_APPICON_NAME = AppIcon;
				ASSETCATALOG_COMPILER_GLOBAL_ACCENT_COLOR_NAME = AccentColor;
				CODE_SIGN_STYLE = Automatic;
				INFOPLIST_FILE = GitHubPairTest/Info.plist;
				LD_RUNPATH_SEARCH_PATHS = (
					"$(inherited)",
					"@executable_path/Frameworks",
				);
				PRODUCT_BUNDLE_IDENTIFIER = "Ananya-Tandel.GitHubPairTest";
				PRODUCT_NAME = "$(TARGET_NAME)";
				SWIFT_VERSION = 5.0;
				TARGETED_DEVICE_FAMILY = "1,2";
			};
			name = Debug;
		};
		9A80D1FB26518C85007BFAFD /* Release */ = {
			isa = XCBuildConfiguration;
			buildSettings = {
				ASSETCATALOG_COMPILER_APPICON_NAME = AppIcon;
				ASSETCATALOG_COMPILER_GLOBAL_ACCENT_COLOR_NAME = AccentColor;
				CODE_SIGN_STYLE = Automatic;
				INFOPLIST_FILE = GitHubPairTest/Info.plist;
				LD_RUNPATH_SEARCH_PATHS = (
					"$(inherited)",
					"@executable_path/Frameworks",
				);
				PRODUCT_BUNDLE_IDENTIFIER = "Ananya-Tandel.GitHubPairTest";
				PRODUCT_NAME = "$(TARGET_NAME)";
				SWIFT_VERSION = 5.0;
				TARGETED_DEVICE_FAMILY = "1,2";
			};
			name = Release;
		};
		9A80D1FD26518C85007BFAFD /* Debug */ = {
			isa = XCBuildConfiguration;
			buildSettings = {
				ALWAYS_EMBED_SWIFT_STANDARD_LIBRARIES = YES;
				BUNDLE_LOADER = "$(TEST_HOST)";
				CODE_SIGN_STYLE = Automatic;
				INFOPLIST_FILE = GitHubPairTestTests/Info.plist;
				IPHONEOS_DEPLOYMENT_TARGET = 14.5;
				LD_RUNPATH_SEARCH_PATHS = (
					"$(inherited)",
					"@executable_path/Frameworks",
					"@loader_path/Frameworks",
				);
				PRODUCT_BUNDLE_IDENTIFIER = "Ananya-Tandel.GitHubPairTestTests";
				PRODUCT_NAME = "$(TARGET_NAME)";
				SWIFT_VERSION = 5.0;
				TARGETED_DEVICE_FAMILY = "1,2";
				TEST_HOST = "$(BUILT_PRODUCTS_DIR)/GitHubPairTest.app/GitHubPairTest";
			};
			name = Debug;
		};
		9A80D1FE26518C85007BFAFD /* Release */ = {
			isa = XCBuildConfiguration;
			buildSettings = {
				ALWAYS_EMBED_SWIFT_STANDARD_LIBRARIES = YES;
				BUNDLE_LOADER = "$(TEST_HOST)";
				CODE_SIGN_STYLE = Automatic;
				INFOPLIST_FILE = GitHubPairTestTests/Info.plist;
				IPHONEOS_DEPLOYMENT_TARGET = 14.5;
				LD_RUNPATH_SEARCH_PATHS = (
					"$(inherited)",
					"@executable_path/Frameworks",
					"@loader_path/Frameworks",
				);
				PRODUCT_BUNDLE_IDENTIFIER = "Ananya-Tandel.GitHubPairTestTests";
				PRODUCT_NAME = "$(TARGET_NAME)";
				SWIFT_VERSION = 5.0;
				TARGETED_DEVICE_FAMILY = "1,2";
				TEST_HOST = "$(BUILT_PRODUCTS_DIR)/GitHubPairTest.app/GitHubPairTest";
			};
			name = Release;
		};
		9A80D20026518C85007BFAFD /* Debug */ = {
			isa = XCBuildConfiguration;
			buildSettings = {
				ALWAYS_EMBED_SWIFT_STANDARD_LIBRARIES = YES;
				CODE_SIGN_STYLE = Automatic;
				INFOPLIST_FILE = GitHubPairTestUITests/Info.plist;
				LD_RUNPATH_SEARCH_PATHS = (
					"$(inherited)",
					"@executable_path/Frameworks",
					"@loader_path/Frameworks",
				);
				PRODUCT_BUNDLE_IDENTIFIER = "Ananya-Tandel.GitHubPairTestUITests";
				PRODUCT_NAME = "$(TARGET_NAME)";
				SWIFT_VERSION = 5.0;
				TARGETED_DEVICE_FAMILY = "1,2";
				TEST_TARGET_NAME = GitHubPairTest;
			};
			name = Debug;
		};
		9A80D20126518C85007BFAFD /* Release */ = {
			isa = XCBuildConfiguration;
			buildSettings = {
				ALWAYS_EMBED_SWIFT_STANDARD_LIBRARIES = YES;
				CODE_SIGN_STYLE = Automatic;
				INFOPLIST_FILE = GitHubPairTestUITests/Info.plist;
				LD_RUNPATH_SEARCH_PATHS = (
					"$(inherited)",
					"@executable_path/Frameworks",
					"@loader_path/Frameworks",
				);
				PRODUCT_BUNDLE_IDENTIFIER = "Ananya-Tandel.GitHubPairTestUITests";
				PRODUCT_NAME = "$(TARGET_NAME)";
				SWIFT_VERSION = 5.0;
				TARGETED_DEVICE_FAMILY = "1,2";
				TEST_TARGET_NAME = GitHubPairTest;
			};
			name = Release;
		};
/* End XCBuildConfiguration section */

/* Begin XCConfigurationList section */
		9A80D1C726518C80007BFAFD /* Build configuration list for PBXProject "GitHubPairTest" */ = {
			isa = XCConfigurationList;
			buildConfigurations = (
				9A80D1F726518C85007BFAFD /* Debug */,
				9A80D1F826518C85007BFAFD /* Release */,
			);
			defaultConfigurationIsVisible = 0;
			defaultConfigurationName = Release;
		};
		9A80D1F926518C85007BFAFD /* Build configuration list for PBXNativeTarget "GitHubPairTest" */ = {
			isa = XCConfigurationList;
			buildConfigurations = (
				9A80D1FA26518C85007BFAFD /* Debug */,
				9A80D1FB26518C85007BFAFD /* Release */,
			);
			defaultConfigurationIsVisible = 0;
			defaultConfigurationName = Release;
		};
		9A80D1FC26518C85007BFAFD /* Build configuration list for PBXNativeTarget "GitHubPairTestTests" */ = {
			isa = XCConfigurationList;
			buildConfigurations = (
				9A80D1FD26518C85007BFAFD /* Debug */,
				9A80D1FE26518C85007BFAFD /* Release */,
			);
			defaultConfigurationIsVisible = 0;
			defaultConfigurationName = Release;
		};
		9A80D1FF26518C85007BFAFD /* Build configuration list for PBXNativeTarget "GitHubPairTestUITests" */ = {
			isa = XCConfigurationList;
			buildConfigurations = (
				9A80D20026518C85007BFAFD /* Debug */,
				9A80D20126518C85007BFAFD /* Release */,
			);
			defaultConfigurationIsVisible = 0;
			defaultConfigurationName = Release;
		};
/* End XCConfigurationList section */

/* Begin XCVersionGroup section */
		9A80D1D826518C80007BFAFD /* GitHubPairTest.xcdatamodeld */ = {
			isa = XCVersionGroup;
			children = (
				9A80D1D926518C80007BFAFD /* GitHubPairTest.xcdatamodel */,
			);
			currentVersion = 9A80D1D926518C80007BFAFD /* GitHubPairTest.xcdatamodel */;
			path = GitHubPairTest.xcdatamodeld;
			sourceTree = "<group>";
			versionGroupType = wrapper.xcdatamodel;
		};
/* End XCVersionGroup section */
	};
	rootObject = 9A80D1C426518C80007BFAFD /* Project object */;
}
